<?xml version="1.0" encoding="utf-8"?>
<Project ToolsVersion="4.0" xmlns="http://schemas.microsoft.com/developer/msbuild/2003">
  <ItemGroup>
    <Filter Include="Source Files">
      <UniqueIdentifier>{4FC737F1-C7A5-4376-A066-2A32D752A2FF}</UniqueIdentifier>
      <Extensions>cpp;c;cc;cxx;c++;cppm;ixx;def;odl;idl;hpj;bat;asm;asmx</Extensions>
    </Filter>
    <Filter Include="Header Files">
      <UniqueIdentifier>{93995380-89BD-4b04-88EB-625FBE52EBFB}</UniqueIdentifier>
      <Extensions>h;hh;hpp;hxx;h++;hm;inl;inc;ipp;xsd</Extensions>
    </Filter>
    <Filter Include="Include">
      <UniqueIdentifier>{ae1e9baa-6482-4adf-802d-1b7289e58cb6}</UniqueIdentifier>
    </Filter>
    <Filter Include="Include\utilities">
      <UniqueIdentifier>{75b6d1b4-6d62-4a11-99dd-8d73b273343a}</UniqueIdentifier>
    </Filter>
    <Filter Include="PCH">
      <UniqueIdentifier>{f7a30de8-adfd-4776-914b-e2f0489d17ad}</UniqueIdentifier>
    </Filter>
  </ItemGroup>
  <ItemGroup>
    <ClInclude Include="..\..\headers\buffer.h">
      <Filter>Header Files</Filter>
    </ClInclude>
    <ClInclude Include="..\..\headers\disassembler.h">
      <Filter>Header Files</Filter>
    </ClInclude>
    <ClInclude Include="..\..\headers\injection.h">
      <Filter>Header Files</Filter>
    </ClInclude>
    <ClInclude Include="..\..\headers\windows_thread_handler.h">
      <Filter>Header Files</Filter>
    </ClInclude>
    <ClInclude Include="..\..\headers\x86_instructions.h">
      <Filter>Header Files</Filter>
    </ClInclude>
    <ClInclude Include="..\..\include\alterhook\utilities\calling_conventions.h">
      <Filter>Include\utilities</Filter>
    </ClInclude>
    <ClInclude Include="..\..\include\alterhook\utilities\concepts.h">
      <Filter>Include\utilities</Filter>
    </ClInclude>
    <ClInclude Include="..\..\include\alterhook\utilities\function_traits.h">
      <Filter>Include\utilities</Filter>
    </ClInclude>
    <ClInclude Include="..\..\include\alterhook\utilities\other.h">
      <Filter>Include\utilities</Filter>
    </ClInclude>
    <ClInclude Include="..\..\include\alterhook\utilities\static_vector.h">
      <Filter>Include\utilities</Filter>
    </ClInclude>
    <ClInclude Include="..\..\include\alterhook\utilities\type_sequence.h">
      <Filter>Include\utilities</Filter>
    </ClInclude>
    <ClInclude Include="..\..\include\alterhook\utilities\utils.h">
      <Filter>Include\utilities</Filter>
    </ClInclude>
    <ClInclude Include="..\..\include\alterhook\utilities\utils_macros.h">
      <Filter>Include\utilities</Filter>
    </ClInclude>
    <ClInclude Include="..\..\include\alterhook\addresser.h">
      <Filter>Include</Filter>
    </ClInclude>
    <ClInclude Include="..\..\include\alterhook\exceptions.h">
      <Filter>Include</Filter>
    </ClInclude>
    <ClInclude Include="..\..\include\alterhook\hook.h">
      <Filter>Include</Filter>
    </ClInclude>
    <ClInclude Include="..\..\include\alterhook\hook_chain.h">
      <Filter>Include</Filter>
    </ClInclude>
    <ClInclude Include="..\..\include\alterhook\hook_map.h">
      <Filter>Include</Filter>
    </ClInclude>
    <ClInclude Include="..\..\include\alterhook\macros.h">
      <Filter>Include</Filter>
    </ClInclude>
    <ClInclude Include="..\..\include\alterhook\modifier.h">
      <Filter>Include</Filter>
    </ClInclude>
    <ClInclude Include="..\..\include\alterhook\tools.h">
      <Filter>Include</Filter>
    </ClInclude>
    <ClInclude Include="..\..\include\alterhook\trampoline.h">
      <Filter>Include</Filter>
    </ClInclude>
    <ClInclude Include="..\..\pre-compiled headers\windows\pch.h">
      <Filter>PCH</Filter>
    </ClInclude>
  </ItemGroup>
  <ItemGroup>
    <ClCompile Include="..\..\src\addresser.cpp">
      <Filter>Source Files</Filter>
    </ClCompile>
    <ClCompile Include="..\..\src\buffer.cpp">
      <Filter>Source Files</Filter>
    </ClCompile>
    <ClCompile Include="..\..\src\hook.cpp">
      <Filter>Source Files</Filter>
    </ClCompile>
    <ClCompile Include="..\..\src\hook_chain.cpp">
      <Filter>Source Files</Filter>
    </ClCompile>
    <ClCompile Include="..\..\src\misc.cpp">
      <Filter>Source Files</Filter>
    </ClCompile>
    <ClCompile Include="..\..\src\X86\trampoline.cpp">
      <Filter>Source Files</Filter>
    </ClCompile>
    <ClCompile Include="..\..\src\windows\other.cpp">
      <Filter>Source Files</Filter>
    </ClCompile>
    <ClCompile Include="..\..\pre-compiled headers\windows\pch.cpp">
      <Filter>PCH</Filter>
    </ClCompile>
  </ItemGroup>
</Project>